
Microsoft Visual Studio Solution File, Format Version 12.00
# Visual Studio Version 17
VisualStudioVersion = 17.10.35122.118
MinimumVisualStudioVersion = 10.0.40219.1
Project("{FAE04EC0-301F-11D3-BF4B-00C04F79EFBC}") = "AdminPortal.Server", "AdminPortal.Server\AdminPortal.Server.csproj", "{7C30C662-C226-4328-859C-AD09B2428EE4}"
EndProject
Project("{54A90642-561A-4BB1-A94E-469ADEE60C69}") = "adminportal.client", "adminportal.client\adminportal.client.esproj", "{F03E52A5-ABEB-4A74-97B3-9B224C1DAB32}"
EndProject
Global
	GlobalSection(SolutionConfigurationPlatforms) = preSolution
		Debug|Any CPU = Debug|Any CPU
		Release|Any CPU = Release|Any CPU
	EndGlobalSection
	GlobalSection(ProjectConfigurationPlatforms) = postSolution
		{7C30C662-C226-4328-859C-AD09B2428EE4}.Debug|Any CPU.ActiveCfg = Debug|Any CPU
		{7C30C662-C226-4328-859C-AD09B2428EE4}.Debug|Any CPU.Build.0 = Debug|Any CPU
		{7C30C662-C226-4328-859C-AD09B2428EE4}.Release|Any CPU.ActiveCfg = Release|Any CPU
		{7C30C662-C226-4328-859C-AD09B2428EE4}.Release|Any CPU.Build.0 = Release|Any CPU
		{F03E52A5-ABEB-4A74-97B3-9B224C1DAB32}.Debug|Any CPU.ActiveCfg = Debug|Any CPU
		{F03E52A5-ABEB-4A74-97B3-9B224C1DAB32}.Debug|Any CPU.Build.0 = Debug|Any CPU
		{F03E52A5-ABEB-4A74-97B3-9B224C1DAB32}.Debug|Any CPU.Deploy.0 = Debug|Any CPU
		{F03E52A5-ABEB-4A74-97B3-9B224C1DAB32}.Release|Any CPU.ActiveCfg = Release|Any CPU
		{F03E52A5-ABEB-4A74-97B3-9B224C1DAB32}.Release|Any CPU.Build.0 = Release|Any CPU
		{F03E52A5-ABEB-4A74-97B3-9B224C1DAB32}.Release|Any CPU.Deploy.0 = Release|Any CPU
	EndGlobalSection
	GlobalSection(SolutionProperties) = preSolution
		HideSolutionNode = FALSE
	EndGlobalSection
	GlobalSection(ExtensibilityGlobals) = postSolution
		SolutionGuid = {ABAEC568-E1C7-40EE-8DC1-160FEA2827A3}
	EndGlobalSection
EndGlobal
